
Microsoft Visual Studio Solution File, Format Version 12.00
# Visual Studio Version 17
VisualStudioVersion = 17.10.34707.107
MinimumVisualStudioVersion = 10.0.40219.1
Project("{FAE04EC0-301F-11D3-BF4B-00C04F79EFBC}") = "HankCollections", "HankCollections\HankCollections.csproj", "{C1EBBB7D-CF80-4C85-8999-91193757581D}"
EndProject
Global
	GlobalSection(SolutionConfigurationPlatforms) = preSolution
		Debug|Any CPU = Debug|Any CPU
		Release|Any CPU = Release|Any CPU
	EndGlobalSection
	GlobalSection(ProjectConfigurationPlatforms) = postSolution
		{C1EBBB7D-CF80-4C85-8999-91193757581D}.Debug|Any CPU.ActiveCfg = Debug|Any CPU
		{C1EBBB7D-CF80-4C85-8999-91193757581D}.Debug|Any CPU.Build.0 = Debug|Any CPU
		{C1EBBB7D-CF80-4C85-8999-91193757581D}.Debug|Any CPU.Deploy.0 = Debug|Any CPU
		{C1EBBB7D-CF80-4C85-8999-91193757581D}.Release|Any CPU.ActiveCfg = Release|Any CPU
		{C1EBBB7D-CF80-4C85-8999-91193757581D}.Release|Any CPU.Build.0 = Release|Any CPU
		{C1EBBB7D-CF80-4C85-8999-91193757581D}.Release|Any CPU.Deploy.0 = Release|Any CPU
	EndGlobalSection
	GlobalSection(SolutionProperties) = preSolution
		HideSolutionNode = FALSE
	EndGlobalSection
	GlobalSection(ExtensibilityGlobals) = postSolution
		SolutionGuid = {C8C3CE54-2781-4757-A94D-4CED210CD668}
	EndGlobalSection
EndGlobal
